# THIS IS AN AUTOGENERATED FILE. DO NOT EDIT THIS FILE DIRECTLY.
# yarn lockfile v1


afinn-165@^1.0.2:
  version "1.0.2"
  resolved "https://registry.yarnpkg.com/afinn-165/-/afinn-165-1.0.2.tgz#11ba700eae4af3e97e72dcf9c7f1249e4bff1db7"

apparatus@^0.0.10:
  version "0.0.10"
  resolved "https://registry.yarnpkg.com/apparatus/-/apparatus-0.0.10.tgz#81ea756772ada77863db54ceee8202c109bdca3e"
  dependencies:
    sylvester ">= 0.0.8"

chownr@^1.0.1:
  version "1.0.1"
  resolved "https://registry.yarnpkg.com/chownr/-/chownr-1.0.1.tgz#e2a75042a9551908bebd25b8523d5f9769d79181"

commander@^2.0.0:
  version "2.16.0"
  resolved "https://registry.yarnpkg.com/commander/-/commander-2.16.0.tgz#f16390593996ceb4f3eeb020b31d78528f7f8a50"

debug@^3.1.0:
  version "3.1.0"
  resolved "https://registry.yarnpkg.com/debug/-/debug-3.1.0.tgz#5bb5a0672628b64149566ba16819e61518c67261"
  dependencies:
    ms "2.0.0"

debug@~2.2.0:
  version "2.2.0"
  resolved "https://registry.yarnpkg.com/debug/-/debug-2.2.0.tgz#f87057e995b1a1f6ae6a4960664137bc56f039da"
  dependencies:
    ms "0.7.1"

follow-redirects@>=1.2.0:
  version "1.5.2"
  resolved "https://registry.yarnpkg.com/follow-redirects/-/follow-redirects-1.5.2.tgz#5a9d80e0165957e5ef0c1210678fc5c4acb9fb03"
  dependencies:
    debug "^3.1.0"

json-stable-stringify@^1.0.1:
  version "1.0.1"
  resolved "https://registry.yarnpkg.com/json-stable-stringify/-/json-stable-stringify-1.0.1.tgz#9a759d39c5f2ff503fd5300646ed445f88c4f9af"
  dependencies:
    jsonify "~0.0.0"

jsonify@~0.0.0:
  version "0.0.0"
  resolved "https://registry.yarnpkg.com/jsonify/-/jsonify-0.0.0.tgz#2c74b6ee41d93ca51b7b5aaee8f503631d252a73"

minimist@0.0.8:
  version "0.0.8"
  resolved "https://registry.yarnpkg.com/minimist/-/minimist-0.0.8.tgz#857fcabfc3397d2625b8228262e86aa7a011b05d"

minipass@^2.0.2, minipass@^2.2.1:
  version "2.3.3"
  resolved "https://registry.yarnpkg.com/minipass/-/minipass-2.3.3.tgz#a7dcc8b7b833f5d368759cce544dccb55f50f233"
  dependencies:
    safe-buffer "^5.1.2"
    yallist "^3.0.0"

minizlib@^1.0.3:
  version "1.1.0"
  resolved "https://registry.yarnpkg.com/minizlib/-/minizlib-1.1.0.tgz#11e13658ce46bc3a70a267aac58359d1e0c29ceb"
  dependencies:
    minipass "^2.2.1"

mkdirp@^0.5.0:
  version "0.5.1"
  resolved "https://registry.yarnpkg.com/mkdirp/-/mkdirp-0.5.1.tgz#30057438eac6cf7f8c4767f38648d6697d75c903"
  dependencies:
    minimist "0.0.8"

ms@0.7.1:
  version "0.7.1"
  resolved "https://registry.yarnpkg.com/ms/-/ms-0.7.1.tgz#9cd13c03adbff25b65effde7ce864ee952017098"

ms@2.0.0:
  version "2.0.0"
  resolved "https://registry.yarnpkg.com/ms/-/ms-2.0.0.tgz#5608aeadfc00be6c2901df5f9861788de0d597c8"

natural@^0.6.1:
  version "0.6.1"
  resolved "https://registry.yarnpkg.com/natural/-/natural-0.6.1.tgz#2307bf04f17201286aea14630a08f7d7fbc2d060"
  dependencies:
    afinn-165 "^1.0.2"
    apparatus "^0.0.10"
    json-stable-stringify "^1.0.1"
    sylvester "^0.0.12"
    underscore "^1.3.1"

node-rest-client@^3.1.0:
  version "3.1.0"
  resolved "https://registry.yarnpkg.com/node-rest-client/-/node-rest-client-3.1.0.tgz#e0beb6dda7b20cc0b67a7847cf12c5fc419c37c3"
  dependencies:
    debug "~2.2.0"
    follow-redirects ">=1.2.0"
    xml2js ">=0.2.4"

safe-buffer@^5.1.2:
  version "5.1.2"
  resolved "https://registry.yarnpkg.com/safe-buffer/-/safe-buffer-5.1.2.tgz#991ec69d296e0313747d59bdfd2b745c35f8828d"

sax@>=0.6.0:
  version "1.2.4"
  resolved "https://registry.yarnpkg.com/sax/-/sax-1.2.4.tgz#2816234e2378bddc4e5354fab5caa895df7100d9"

"sylvester@>= 0.0.8":
  version "0.0.21"
  resolved "https://registry.yarnpkg.com/sylvester/-/sylvester-0.0.21.tgz#2987b1ce2bd2f38b0dce2a34388884bfa4400ea7"

sylvester@^0.0.12:
  version "0.0.12"
  resolved "https://registry.yarnpkg.com/sylvester/-/sylvester-0.0.12.tgz#5a884415cd2d002c57e7a3aac99462a75ce9fdb4"

tar@^3.1:
  version "3.2.1"
  resolved "https://registry.yarnpkg.com/tar/-/tar-3.2.1.tgz#9aa8e41c88f09e76c166075bc71f93d5166e61b1"
  dependencies:
    chownr "^1.0.1"
    minipass "^2.0.2"
    minizlib "^1.0.3"
    mkdirp "^0.5.0"
    yallist "^3.0.2"

underscore@>=1.3.1, underscore@^1.3.1:
  version "1.9.1"
  resolved "https://registry.yarnpkg.com/underscore/-/underscore-1.9.1.tgz#06dce34a0e68a7babc29b365b8e74b8925203961"

wordnet-db@^3.1.6:
  version "3.1.6"
  resolved "https://registry.yarnpkg.com/wordnet-db/-/wordnet-db-3.1.6.tgz#ef991a38e986ab91e1b036a2f991798c13620f98"
  dependencies:
    tar "^3.1"

wordpos@^1.1.6:
  version "1.1.6"
  resolved "https://registry.yarnpkg.com/wordpos/-/wordpos-1.1.6.tgz#342817d7a9fddda7c71ac4e7757363508258df90"
  dependencies:
    commander "^2.0.0"
    underscore ">=1.3.1"
    wordnet-db "^3.1.6"

xml2js@>=0.2.4:
  version "0.4.19"
  resolved "https://registry.yarnpkg.com/xml2js/-/xml2js-0.4.19.tgz#686c20f213209e94abf0d1bcf1efaa291c7827a7"
  dependencies:
    sax ">=0.6.0"
    xmlbuilder "~9.0.1"

xmlbuilder@~9.0.1:
  version "9.0.7"
  resolved "https://registry.yarnpkg.com/xmlbuilder/-/xmlbuilder-9.0.7.tgz#132ee63d2ec5565c557e20f4c22df9aca686b10d"

yallist@^3.0.0, yallist@^3.0.2:
  version "3.0.2"
  resolved "https://registry.yarnpkg.com/yallist/-/yallist-3.0.2.tgz#8452b4bb7e83c7c188d8041c1a837c773d6d8bb9"
